
Microsoft Visual Studio Solution File, Format Version 12.00
# Visual Studio Version 16
VisualStudioVersion = 16.0.31624.102
MinimumVisualStudioVersion = 10.0.40219.1
Project("{FAE04EC0-301F-11D3-BF4B-00C04F79EFBC}") = "QuickSort Ian", "QuickSort Ian\QuickSort Ian.csproj", "{529C5F7F-4DD0-4D4F-B350-2CB8CB2678A3}"
EndProject
Global
	GlobalSection(SolutionConfigurationPlatforms) = preSolution
		Debug|Any CPU = Debug|Any CPU
		Release|Any CPU = Release|Any CPU
	EndGlobalSection
	GlobalSection(ProjectConfigurationPlatforms) = postSolution
		{529C5F7F-4DD0-4D4F-B350-2CB8CB2678A3}.Debug|Any CPU.ActiveCfg = Debug|Any CPU
		{529C5F7F-4DD0-4D4F-B350-2CB8CB2678A3}.Debug|Any CPU.Build.0 = Debug|Any CPU
		{529C5F7F-4DD0-4D4F-B350-2CB8CB2678A3}.Release|Any CPU.ActiveCfg = Release|Any CPU
		{529C5F7F-4DD0-4D4F-B350-2CB8CB2678A3}.Release|Any CPU.Build.0 = Release|Any CPU
	EndGlobalSection
	GlobalSection(SolutionProperties) = preSolution
		HideSolutionNode = FALSE
	EndGlobalSection
	GlobalSection(ExtensibilityGlobals) = postSolution
		SolutionGuid = {9BF70A83-22CB-4D47-9286-BA068106F1FD}
	EndGlobalSection
EndGlobal
